{
  "version": 4,
  "terraform_version": "1.9.3",
  "serial": 1,
  "lineage": "d74f603b-5e5d-68af-a8d3-59487a2cc742",
  "outputs": {},
  "resources": [
    {
      "module": "module.security_group",
      "mode": "managed",
      "type": "aws_vpc",
      "name": "mean_vpc",
      "provider": "provider[\"registry.terraform.io/hashicorp/aws\"]",
      "instances": [
        {
          "schema_version": 1,
          "attributes": {
            "arn": "arn:aws:ec2:us-east-1:855728683610:vpc/vpc-058c077d872c41c5c",
            "assign_generated_ipv6_cidr_block": false,
            "cidr_block": "10.0.0.0/16",
            "default_network_acl_id": "acl-0e95c547b184f1fa1",
            "default_route_table_id": "rtb-0202566b709f55aa5",
            "default_security_group_id": "sg-079b7bffe88992bbc",
            "dhcp_options_id": "dopt-0f243edb9fb4bfdfa",
            "enable_dns_hostnames": true,
            "enable_dns_support": true,
            "enable_network_address_usage_metrics": false,
            "id": "vpc-058c077d872c41c5c",
            "instance_tenancy": "default",
            "ipv4_ipam_pool_id": null,
            "ipv4_netmask_length": null,
            "ipv6_association_id": "",
            "ipv6_cidr_block": "",
            "ipv6_cidr_block_network_border_group": "",
            "ipv6_ipam_pool_id": "",
            "ipv6_netmask_length": 0,
            "main_route_table_id": "rtb-0202566b709f55aa5",
            "owner_id": "855728683610",
            "tags": {
              "Name": "mean_vpc"
            },
            "tags_all": {
              "Name": "mean_vpc"
            }
          },
          "sensitive_attributes": [],
          "private": "eyJzY2hlbWFfdmVyc2lvbiI6IjEifQ=="
        }
      ]
    }
  ],
  "check_results": null
}
